
Microsoft Visual Studio Solution File, Format Version 12.00
# Visual Studio Version 17
VisualStudioVersion = 17.14.36616.10 d17.14
MinimumVisualStudioVersion = 10.0.40219.1
Project("{FAE04EC0-301F-11D3-BF4B-00C04F79EFBC}") = "Tamrin 2", "Tamrin 2\Tamrin 2.csproj", "{A9640153-3C88-4359-ACC1-F2603D8D4307}"
EndProject
Global
	GlobalSection(SolutionConfigurationPlatforms) = preSolution
		Debug|Any CPU = Debug|Any CPU
		Release|Any CPU = Release|Any CPU
	EndGlobalSection
	GlobalSection(ProjectConfigurationPlatforms) = postSolution
		{A9640153-3C88-4359-ACC1-F2603D8D4307}.Debug|Any CPU.ActiveCfg = Debug|Any CPU
		{A9640153-3C88-4359-ACC1-F2603D8D4307}.Debug|Any CPU.Build.0 = Debug|Any CPU
		{A9640153-3C88-4359-ACC1-F2603D8D4307}.Release|Any CPU.ActiveCfg = Release|Any CPU
		{A9640153-3C88-4359-ACC1-F2603D8D4307}.Release|Any CPU.Build.0 = Release|Any CPU
	EndGlobalSection
	GlobalSection(SolutionProperties) = preSolution
		HideSolutionNode = FALSE
	EndGlobalSection
	GlobalSection(ExtensibilityGlobals) = postSolution
		SolutionGuid = {5A83E0F8-B76C-40F9-BD47-0E377FE376EE}
	EndGlobalSection
EndGlobal
